
Microsoft Visual Studio Solution File, Format Version 12.00
# Visual Studio Version 16
VisualStudioVersion = 16.0.29326.143
MinimumVisualStudioVersion = 10.0.40219.1
Project("{FAE04EC0-301F-11D3-BF4B-00C04F79EFBC}") = "ShorAlgorithm", "ShorAlgorithm.csproj", "{162474BC-10CD-4AD3-AA6D-EA6830D8C9BC}"
EndProject
Global
	GlobalSection(SolutionConfigurationPlatforms) = preSolution
		Debug|Any CPU = Debug|Any CPU
		Release|Any CPU = Release|Any CPU
	EndGlobalSection
	GlobalSection(ProjectConfigurationPlatforms) = postSolution
		{162474BC-10CD-4AD3-AA6D-EA6830D8C9BC}.Debug|Any CPU.ActiveCfg = Debug|Any CPU
		{162474BC-10CD-4AD3-AA6D-EA6830D8C9BC}.Debug|Any CPU.Build.0 = Debug|Any CPU
		{162474BC-10CD-4AD3-AA6D-EA6830D8C9BC}.Release|Any CPU.ActiveCfg = Release|Any CPU
		{162474BC-10CD-4AD3-AA6D-EA6830D8C9BC}.Release|Any CPU.Build.0 = Release|Any CPU
	EndGlobalSection
	GlobalSection(SolutionProperties) = preSolution
		HideSolutionNode = FALSE
	EndGlobalSection
	GlobalSection(ExtensibilityGlobals) = postSolution
		SolutionGuid = {2A6BAA92-2B03-41CD-ACA9-723F0DB27B31}
	EndGlobalSection
EndGlobal
